
Microsoft Visual Studio Solution File, Format Version 12.00
# Visual Studio 15
Project("{FAE04EC0-301F-11D3-BF4B-00C04F79EFBC}") = "VRC.ClientSim", "VRC.ClientSim.csproj", "{1678D6DC-502C-9D30-2074-E5246C802936}"
EndProject
Project("{FAE04EC0-301F-11D3-BF4B-00C04F79EFBC}") = "Assembly-CSharp-Editor", "Assembly-CSharp-Editor.csproj", "{7B451DF3-5D67-DE95-262A-F4FA4A3B142F}"
EndProject
Project("{FAE04EC0-301F-11D3-BF4B-00C04F79EFBC}") = "UdonSharp.Editor", "UdonSharp.Editor.csproj", "{8C59F365-43C2-3E80-8412-8A0A22012EF2}"
EndProject
Project("{FAE04EC0-301F-11D3-BF4B-00C04F79EFBC}") = "VRC.Udon.Editor", "VRC.Udon.Editor.csproj", "{9E1E193F-11DF-8245-EE69-32E86D74C9AA}"
EndProject
Project("{FAE04EC0-301F-11D3-BF4B-00C04F79EFBC}") = "VRC.Udon.Serialization.OdinSerializer", "VRC.Udon.Serialization.OdinSerializer.csproj", "{6541E3F6-29C7-0B94-3151-CF8EF21373F7}"
EndProject
Project("{FAE04EC0-301F-11D3-BF4B-00C04F79EFBC}") = "VRC.SDK3", "VRC.SDK3.csproj", "{AC2377B7-0C19-6699-AEC1-CD9C79A4E498}"
EndProject
Project("{FAE04EC0-301F-11D3-BF4B-00C04F79EFBC}") = "UniTask.Linq", "UniTask.Linq.csproj", "{A9D4A85F-4307-2E29-D20D-1B98D70296CC}"
EndProject
Project("{FAE04EC0-301F-11D3-BF4B-00C04F79EFBC}") = "UniTask", "UniTask.csproj", "{92347305-CD06-9638-9243-B133406423B0}"
EndProject
Project("{FAE04EC0-301F-11D3-BF4B-00C04F79EFBC}") = "NetworkedEventCaller.Runtime", "NetworkedEventCaller.Runtime.csproj", "{14648D97-E098-DC14-0A0C-7AF288A276D6}"
EndProject
Project("{FAE04EC0-301F-11D3-BF4B-00C04F79EFBC}") = "UniTask.DOTween", "UniTask.DOTween.csproj", "{ED83FAB1-FB67-04F2-BAE0-11D357E19D1B}"
EndProject
Project("{FAE04EC0-301F-11D3-BF4B-00C04F79EFBC}") = "VRC.SDK3.Editor", "VRC.SDK3.Editor.csproj", "{F9A2DC30-D020-04A8-AEEC-084D63112EA2}"
EndProject
Project("{FAE04EC0-301F-11D3-BF4B-00C04F79EFBC}") = "VRC.SDKBase.Editor", "VRC.SDKBase.Editor.csproj", "{28A99E3F-BF4E-EFE3-0B63-9D9AF4952B11}"
EndProject
Project("{FAE04EC0-301F-11D3-BF4B-00C04F79EFBC}") = "UnityEditorTests", "UnityEditorTests.csproj", "{162FCE2A-77C1-885D-B730-36DD27A25B7D}"
EndProject
Project("{FAE04EC0-301F-11D3-BF4B-00C04F79EFBC}") = "Assembly-CSharp", "Assembly-CSharp.csproj", "{83BE1859-3B75-115B-7C57-5B761CFFA594}"
EndProject
Project("{FAE04EC0-301F-11D3-BF4B-00C04F79EFBC}") = "VRWorldToolkit.Editor", "VRWorldToolkit.Editor.csproj", "{7ED627C3-4CD5-526B-7B2E-06A1D6C39CB6}"
EndProject
Project("{FAE04EC0-301F-11D3-BF4B-00C04F79EFBC}") = "VRC.Udon", "VRC.Udon.csproj", "{7BF010AB-8DDD-4873-8CEB-B825C032C42B}"
EndProject
Project("{FAE04EC0-301F-11D3-BF4B-00C04F79EFBC}") = "VRC.ExampleCentral.Editor", "VRC.ExampleCentral.Editor.csproj", "{D440FF19-EF75-30D1-7FBF-A07FC314421E}"
EndProject
Project("{FAE04EC0-301F-11D3-BF4B-00C04F79EFBC}") = "com.vrchat.core.vpm-resolver.Editor", "com.vrchat.core.vpm-resolver.Editor.csproj", "{9124E26E-A5AF-51B9-4B34-FE3F88BEBFB5}"
EndProject
Project("{FAE04EC0-301F-11D3-BF4B-00C04F79EFBC}") = "VRC.ClientSim.Editor", "VRC.ClientSim.Editor.csproj", "{D797ADDA-A7D6-8570-9CB8-1BEF1E103446}"
EndProject
Project("{FAE04EC0-301F-11D3-BF4B-00C04F79EFBC}") = "UdonSharp.Runtime", "UdonSharp.Runtime.csproj", "{A6D6E455-CA98-3297-D699-6411A9061EC3}"
EndProject
Project("{FAE04EC0-301F-11D3-BF4B-00C04F79EFBC}") = "VRC.SDKBase", "VRC.SDKBase.csproj", "{911DB7E0-170A-C670-5301-12D06DF028A4}"
EndProject
Project("{FAE04EC0-301F-11D3-BF4B-00C04F79EFBC}") = "UniTask.Editor", "UniTask.Editor.csproj", "{E2482677-22B6-6C9F-573E-E1DFD33C6101}"
EndProject
Project("{FAE04EC0-301F-11D3-BF4B-00C04F79EFBC}") = "UdonSharp.Lib", "UdonSharp.Lib.csproj", "{031468C0-6181-1046-C874-9B8F69F15A4C}"
EndProject
Project("{FAE04EC0-301F-11D3-BF4B-00C04F79EFBC}") = "UniTask.Addressables", "UniTask.Addressables.csproj", "{16E08256-5006-A2C4-D270-5DD11E11676E}"
EndProject
Project("{FAE04EC0-301F-11D3-BF4B-00C04F79EFBC}") = "VRC.SDKBase.Editor.ShaderStripping", "VRC.SDKBase.Editor.ShaderStripping.csproj", "{FC47C883-DE94-E345-15F3-3EA10692E696}"
EndProject
Project("{FAE04EC0-301F-11D3-BF4B-00C04F79EFBC}") = "UniTask.TextMeshPro", "UniTask.TextMeshPro.csproj", "{94AA4CFF-906A-3754-9543-D9AE90F9C0F1}"
EndProject
Project("{FAE04EC0-301F-11D3-BF4B-00C04F79EFBC}") = "NetworkedEventCaller.Editor", "NetworkedEventCaller.Editor.csproj", "{ADE65F75-83C4-8FB6-FF4D-F7A777BCE9E5}"
EndProject
Project("{FAE04EC0-301F-11D3-BF4B-00C04F79EFBC}") = "VRC.SDKBase.Editor.BuildPipeline", "VRC.SDKBase.Editor.BuildPipeline.csproj", "{9F14BEC9-0AC3-E0D2-47E9-D43297AA9F48}"
EndProject
Global
	GlobalSection(SolutionConfigurationPlatforms) = preSolution
		Debug|Any CPU = Debug|Any CPU
		Release|Any CPU = Release|Any CPU
	EndGlobalSection
	GlobalSection(ProjectConfigurationPlatforms) = postSolution
		{1678D6DC-502C-9D30-2074-E5246C802936}.Debug|Any CPU.ActiveCfg = Debug|Any CPU
		{1678D6DC-502C-9D30-2074-E5246C802936}.Debug|Any CPU.Build.0 = Debug|Any CPU
		{1678D6DC-502C-9D30-2074-E5246C802936}.Release|Any CPU.ActiveCfg = Release|Any CPU
		{1678D6DC-502C-9D30-2074-E5246C802936}.Release|Any CPU.Build.0 = Release|Any CPU
		{7B451DF3-5D67-DE95-262A-F4FA4A3B142F}.Debug|Any CPU.ActiveCfg = Debug|Any CPU
		{7B451DF3-5D67-DE95-262A-F4FA4A3B142F}.Debug|Any CPU.Build.0 = Debug|Any CPU
		{7B451DF3-5D67-DE95-262A-F4FA4A3B142F}.Release|Any CPU.ActiveCfg = Release|Any CPU
		{7B451DF3-5D67-DE95-262A-F4FA4A3B142F}.Release|Any CPU.Build.0 = Release|Any CPU
		{8C59F365-43C2-3E80-8412-8A0A22012EF2}.Debug|Any CPU.ActiveCfg = Debug|Any CPU
		{8C59F365-43C2-3E80-8412-8A0A22012EF2}.Debug|Any CPU.Build.0 = Debug|Any CPU
		{8C59F365-43C2-3E80-8412-8A0A22012EF2}.Release|Any CPU.ActiveCfg = Release|Any CPU
		{8C59F365-43C2-3E80-8412-8A0A22012EF2}.Release|Any CPU.Build.0 = Release|Any CPU
		{9E1E193F-11DF-8245-EE69-32E86D74C9AA}.Debug|Any CPU.ActiveCfg = Debug|Any CPU
		{9E1E193F-11DF-8245-EE69-32E86D74C9AA}.Debug|Any CPU.Build.0 = Debug|Any CPU
		{9E1E193F-11DF-8245-EE69-32E86D74C9AA}.Release|Any CPU.ActiveCfg = Release|Any CPU
		{9E1E193F-11DF-8245-EE69-32E86D74C9AA}.Release|Any CPU.Build.0 = Release|Any CPU
		{6541E3F6-29C7-0B94-3151-CF8EF21373F7}.Debug|Any CPU.ActiveCfg = Debug|Any CPU
		{6541E3F6-29C7-0B94-3151-CF8EF21373F7}.Debug|Any CPU.Build.0 = Debug|Any CPU
		{6541E3F6-29C7-0B94-3151-CF8EF21373F7}.Release|Any CPU.ActiveCfg = Release|Any CPU
		{6541E3F6-29C7-0B94-3151-CF8EF21373F7}.Release|Any CPU.Build.0 = Release|Any CPU
		{AC2377B7-0C19-6699-AEC1-CD9C79A4E498}.Debug|Any CPU.ActiveCfg = Debug|Any CPU
		{AC2377B7-0C19-6699-AEC1-CD9C79A4E498}.Debug|Any CPU.Build.0 = Debug|Any CPU
		{AC2377B7-0C19-6699-AEC1-CD9C79A4E498}.Release|Any CPU.ActiveCfg = Release|Any CPU
		{AC2377B7-0C19-6699-AEC1-CD9C79A4E498}.Release|Any CPU.Build.0 = Release|Any CPU
		{A9D4A85F-4307-2E29-D20D-1B98D70296CC}.Debug|Any CPU.ActiveCfg = Debug|Any CPU
		{A9D4A85F-4307-2E29-D20D-1B98D70296CC}.Debug|Any CPU.Build.0 = Debug|Any CPU
		{A9D4A85F-4307-2E29-D20D-1B98D70296CC}.Release|Any CPU.ActiveCfg = Release|Any CPU
		{A9D4A85F-4307-2E29-D20D-1B98D70296CC}.Release|Any CPU.Build.0 = Release|Any CPU
		{92347305-CD06-9638-9243-B133406423B0}.Debug|Any CPU.ActiveCfg = Debug|Any CPU
		{92347305-CD06-9638-9243-B133406423B0}.Debug|Any CPU.Build.0 = Debug|Any CPU
		{92347305-CD06-9638-9243-B133406423B0}.Release|Any CPU.ActiveCfg = Release|Any CPU
		{92347305-CD06-9638-9243-B133406423B0}.Release|Any CPU.Build.0 = Release|Any CPU
		{14648D97-E098-DC14-0A0C-7AF288A276D6}.Debug|Any CPU.ActiveCfg = Debug|Any CPU
		{14648D97-E098-DC14-0A0C-7AF288A276D6}.Debug|Any CPU.Build.0 = Debug|Any CPU
		{14648D97-E098-DC14-0A0C-7AF288A276D6}.Release|Any CPU.ActiveCfg = Release|Any CPU
		{14648D97-E098-DC14-0A0C-7AF288A276D6}.Release|Any CPU.Build.0 = Release|Any CPU
		{ED83FAB1-FB67-04F2-BAE0-11D357E19D1B}.Debug|Any CPU.ActiveCfg = Debug|Any CPU
		{ED83FAB1-FB67-04F2-BAE0-11D357E19D1B}.Debug|Any CPU.Build.0 = Debug|Any CPU
		{ED83FAB1-FB67-04F2-BAE0-11D357E19D1B}.Release|Any CPU.ActiveCfg = Release|Any CPU
		{ED83FAB1-FB67-04F2-BAE0-11D357E19D1B}.Release|Any CPU.Build.0 = Release|Any CPU
		{F9A2DC30-D020-04A8-AEEC-084D63112EA2}.Debug|Any CPU.ActiveCfg = Debug|Any CPU
		{F9A2DC30-D020-04A8-AEEC-084D63112EA2}.Debug|Any CPU.Build.0 = Debug|Any CPU
		{F9A2DC30-D020-04A8-AEEC-084D63112EA2}.Release|Any CPU.ActiveCfg = Release|Any CPU
		{F9A2DC30-D020-04A8-AEEC-084D63112EA2}.Release|Any CPU.Build.0 = Release|Any CPU
		{28A99E3F-BF4E-EFE3-0B63-9D9AF4952B11}.Debug|Any CPU.ActiveCfg = Debug|Any CPU
		{28A99E3F-BF4E-EFE3-0B63-9D9AF4952B11}.Debug|Any CPU.Build.0 = Debug|Any CPU
		{28A99E3F-BF4E-EFE3-0B63-9D9AF4952B11}.Release|Any CPU.ActiveCfg = Release|Any CPU
		{28A99E3F-BF4E-EFE3-0B63-9D9AF4952B11}.Release|Any CPU.Build.0 = Release|Any CPU
		{162FCE2A-77C1-885D-B730-36DD27A25B7D}.Debug|Any CPU.ActiveCfg = Debug|Any CPU
		{162FCE2A-77C1-885D-B730-36DD27A25B7D}.Debug|Any CPU.Build.0 = Debug|Any CPU
		{162FCE2A-77C1-885D-B730-36DD27A25B7D}.Release|Any CPU.ActiveCfg = Release|Any CPU
		{162FCE2A-77C1-885D-B730-36DD27A25B7D}.Release|Any CPU.Build.0 = Release|Any CPU
		{83BE1859-3B75-115B-7C57-5B761CFFA594}.Debug|Any CPU.ActiveCfg = Debug|Any CPU
		{83BE1859-3B75-115B-7C57-5B761CFFA594}.Debug|Any CPU.Build.0 = Debug|Any CPU
		{83BE1859-3B75-115B-7C57-5B761CFFA594}.Release|Any CPU.ActiveCfg = Release|Any CPU
		{83BE1859-3B75-115B-7C57-5B761CFFA594}.Release|Any CPU.Build.0 = Release|Any CPU
		{7ED627C3-4CD5-526B-7B2E-06A1D6C39CB6}.Debug|Any CPU.ActiveCfg = Debug|Any CPU
		{7ED627C3-4CD5-526B-7B2E-06A1D6C39CB6}.Debug|Any CPU.Build.0 = Debug|Any CPU
		{7ED627C3-4CD5-526B-7B2E-06A1D6C39CB6}.Release|Any CPU.ActiveCfg = Release|Any CPU
		{7ED627C3-4CD5-526B-7B2E-06A1D6C39CB6}.Release|Any CPU.Build.0 = Release|Any CPU
		{7BF010AB-8DDD-4873-8CEB-B825C032C42B}.Debug|Any CPU.ActiveCfg = Debug|Any CPU
		{7BF010AB-8DDD-4873-8CEB-B825C032C42B}.Debug|Any CPU.Build.0 = Debug|Any CPU
		{7BF010AB-8DDD-4873-8CEB-B825C032C42B}.Release|Any CPU.ActiveCfg = Release|Any CPU
		{7BF010AB-8DDD-4873-8CEB-B825C032C42B}.Release|Any CPU.Build.0 = Release|Any CPU
		{D440FF19-EF75-30D1-7FBF-A07FC314421E}.Debug|Any CPU.ActiveCfg = Debug|Any CPU
		{D440FF19-EF75-30D1-7FBF-A07FC314421E}.Debug|Any CPU.Build.0 = Debug|Any CPU
		{D440FF19-EF75-30D1-7FBF-A07FC314421E}.Release|Any CPU.ActiveCfg = Release|Any CPU
		{D440FF19-EF75-30D1-7FBF-A07FC314421E}.Release|Any CPU.Build.0 = Release|Any CPU
		{9124E26E-A5AF-51B9-4B34-FE3F88BEBFB5}.Debug|Any CPU.ActiveCfg = Debug|Any CPU
		{9124E26E-A5AF-51B9-4B34-FE3F88BEBFB5}.Debug|Any CPU.Build.0 = Debug|Any CPU
		{9124E26E-A5AF-51B9-4B34-FE3F88BEBFB5}.Release|Any CPU.ActiveCfg = Release|Any CPU
		{9124E26E-A5AF-51B9-4B34-FE3F88BEBFB5}.Release|Any CPU.Build.0 = Release|Any CPU
		{D797ADDA-A7D6-8570-9CB8-1BEF1E103446}.Debug|Any CPU.ActiveCfg = Debug|Any CPU
		{D797ADDA-A7D6-8570-9CB8-1BEF1E103446}.Debug|Any CPU.Build.0 = Debug|Any CPU
		{D797ADDA-A7D6-8570-9CB8-1BEF1E103446}.Release|Any CPU.ActiveCfg = Release|Any CPU
		{D797ADDA-A7D6-8570-9CB8-1BEF1E103446}.Release|Any CPU.Build.0 = Release|Any CPU
		{A6D6E455-CA98-3297-D699-6411A9061EC3}.Debug|Any CPU.ActiveCfg = Debug|Any CPU
		{A6D6E455-CA98-3297-D699-6411A9061EC3}.Debug|Any CPU.Build.0 = Debug|Any CPU
		{A6D6E455-CA98-3297-D699-6411A9061EC3}.Release|Any CPU.ActiveCfg = Release|Any CPU
		{A6D6E455-CA98-3297-D699-6411A9061EC3}.Release|Any CPU.Build.0 = Release|Any CPU
		{911DB7E0-170A-C670-5301-12D06DF028A4}.Debug|Any CPU.ActiveCfg = Debug|Any CPU
		{911DB7E0-170A-C670-5301-12D06DF028A4}.Debug|Any CPU.Build.0 = Debug|Any CPU
		{911DB7E0-170A-C670-5301-12D06DF028A4}.Release|Any CPU.ActiveCfg = Release|Any CPU
		{911DB7E0-170A-C670-5301-12D06DF028A4}.Release|Any CPU.Build.0 = Release|Any CPU
		{E2482677-22B6-6C9F-573E-E1DFD33C6101}.Debug|Any CPU.ActiveCfg = Debug|Any CPU
		{E2482677-22B6-6C9F-573E-E1DFD33C6101}.Debug|Any CPU.Build.0 = Debug|Any CPU
		{E2482677-22B6-6C9F-573E-E1DFD33C6101}.Release|Any CPU.ActiveCfg = Release|Any CPU
		{E2482677-22B6-6C9F-573E-E1DFD33C6101}.Release|Any CPU.Build.0 = Release|Any CPU
		{031468C0-6181-1046-C874-9B8F69F15A4C}.Debug|Any CPU.ActiveCfg = Debug|Any CPU
		{031468C0-6181-1046-C874-9B8F69F15A4C}.Debug|Any CPU.Build.0 = Debug|Any CPU
		{031468C0-6181-1046-C874-9B8F69F15A4C}.Release|Any CPU.ActiveCfg = Release|Any CPU
		{031468C0-6181-1046-C874-9B8F69F15A4C}.Release|Any CPU.Build.0 = Release|Any CPU
		{16E08256-5006-A2C4-D270-5DD11E11676E}.Debug|Any CPU.ActiveCfg = Debug|Any CPU
		{16E08256-5006-A2C4-D270-5DD11E11676E}.Debug|Any CPU.Build.0 = Debug|Any CPU
		{16E08256-5006-A2C4-D270-5DD11E11676E}.Release|Any CPU.ActiveCfg = Release|Any CPU
		{16E08256-5006-A2C4-D270-5DD11E11676E}.Release|Any CPU.Build.0 = Release|Any CPU
		{FC47C883-DE94-E345-15F3-3EA10692E696}.Debug|Any CPU.ActiveCfg = Debug|Any CPU
		{FC47C883-DE94-E345-15F3-3EA10692E696}.Debug|Any CPU.Build.0 = Debug|Any CPU
		{FC47C883-DE94-E345-15F3-3EA10692E696}.Release|Any CPU.ActiveCfg = Release|Any CPU
		{FC47C883-DE94-E345-15F3-3EA10692E696}.Release|Any CPU.Build.0 = Release|Any CPU
		{94AA4CFF-906A-3754-9543-D9AE90F9C0F1}.Debug|Any CPU.ActiveCfg = Debug|Any CPU
		{94AA4CFF-906A-3754-9543-D9AE90F9C0F1}.Debug|Any CPU.Build.0 = Debug|Any CPU
		{94AA4CFF-906A-3754-9543-D9AE90F9C0F1}.Release|Any CPU.ActiveCfg = Release|Any CPU
		{94AA4CFF-906A-3754-9543-D9AE90F9C0F1}.Release|Any CPU.Build.0 = Release|Any CPU
		{ADE65F75-83C4-8FB6-FF4D-F7A777BCE9E5}.Debug|Any CPU.ActiveCfg = Debug|Any CPU
		{ADE65F75-83C4-8FB6-FF4D-F7A777BCE9E5}.Debug|Any CPU.Build.0 = Debug|Any CPU
		{ADE65F75-83C4-8FB6-FF4D-F7A777BCE9E5}.Release|Any CPU.ActiveCfg = Release|Any CPU
		{ADE65F75-83C4-8FB6-FF4D-F7A777BCE9E5}.Release|Any CPU.Build.0 = Release|Any CPU
		{9F14BEC9-0AC3-E0D2-47E9-D43297AA9F48}.Debug|Any CPU.ActiveCfg = Debug|Any CPU
		{9F14BEC9-0AC3-E0D2-47E9-D43297AA9F48}.Debug|Any CPU.Build.0 = Debug|Any CPU
		{9F14BEC9-0AC3-E0D2-47E9-D43297AA9F48}.Release|Any CPU.ActiveCfg = Release|Any CPU
		{9F14BEC9-0AC3-E0D2-47E9-D43297AA9F48}.Release|Any CPU.Build.0 = Release|Any CPU
	EndGlobalSection
	GlobalSection(SolutionProperties) = preSolution
		HideSolutionNode = FALSE
	EndGlobalSection
EndGlobal
